// !$*UTF8*$!
{
	archiveVersion = 1;
	classes = {
	};
	objectVersion = 46;
	objects = {

/* Begin PBXBuildFile section */
		8116F6901E020016001F7041 /* EmptyView.swift in Sources */ = {isa = PBXBuildFile; fileRef = 8116F68F1E020016001F7041 /* EmptyView.swift */; };
		8116F6921E02016A001F7041 /* ErrorView.swift in Sources */ = {isa = PBXBuildFile; fileRef = 8116F6911E02016A001F7041 /* ErrorView.swift */; };
		811AA7E31DCCD32600078374 /* AppDelegate.swift in Sources */ = {isa = PBXBuildFile; fileRef = 811AA7E21DCCD32600078374 /* AppDelegate.swift */; };
		811AA7E81DCCD32600078374 /* Main.storyboard in Resources */ = {isa = PBXBuildFile; fileRef = 811AA7E61DCCD32600078374 /* Main.storyboard */; };
		811AA7EA1DCCD32600078374 /* Assets.xcassets in Resources */ = {isa = PBXBuildFile; fileRef = 811AA7E91DCCD32600078374 /* Assets.xcassets */; };
		811AA7ED1DCCD32600078374 /* LaunchScreen.storyboard in Resources */ = {isa = PBXBuildFile; fileRef = 811AA7EB1DCCD32600078374 /* LaunchScreen.storyboard */; };
		811AA7FB1DCCD89D00078374 /* MovieTableViewController.swift in Sources */ = {isa = PBXBuildFile; fileRef = 811AA7FA1DCCD89D00078374 /* MovieTableViewController.swift */; };
		811AA7FD1DCCD8BF00078374 /* MovieTableViewCell.swift in Sources */ = {isa = PBXBuildFile; fileRef = 811AA7FC1DCCD8BF00078374 /* MovieTableViewCell.swift */; };
		811AA8011DCCD8FF00078374 /* Movie.swift in Sources */ = {isa = PBXBuildFile; fileRef = 811AA8001DCCD8FF00078374 /* Movie.swift */; };
		81392A2C1DE4AE5700481D88 /* FavoriteMovieManager.swift in Sources */ = {isa = PBXBuildFile; fileRef = 81392A2B1DE4AE5700481D88 /* FavoriteMovieManager.swift */; };
		8152F8BC1DFF389D00E9080E /* StatefulViewControllerImplementation.swift in Sources */ = {isa = PBXBuildFile; fileRef = 8152F8BB1DFF389D00E9080E /* StatefulViewControllerImplementation.swift */; };
		8152F8BE1DFF47ED00E9080E /* LoadingView.swift in Sources */ = {isa = PBXBuildFile; fileRef = 8152F8BD1DFF47ED00E9080E /* LoadingView.swift */; };
		8158171C1DD20FA400F095E0 /* NotificationCenterKey.swift in Sources */ = {isa = PBXBuildFile; fileRef = 8158171B1DD20FA400F095E0 /* NotificationCenterKey.swift */; };
		8174D10E1DEC7AE6007D3A04 /* NRClient.swift in Sources */ = {isa = PBXBuildFile; fileRef = 8174D10D1DEC7AE6007D3A04 /* NRClient.swift */; };
		8174D1101DEC7CD4007D3A04 /* NRConfig.swift in Sources */ = {isa = PBXBuildFile; fileRef = 8174D10F1DEC7CD4007D3A04 /* NRConfig.swift */; };
		818638EC1DF1DAD300CDF8E2 /* forgotts.ttf in Resources */ = {isa = PBXBuildFile; fileRef = 818638EB1DF1DAD300CDF8E2 /* forgotts.ttf */; };
		818638EE1DF1DF2000CDF8E2 /* ColorHelper.swift in Sources */ = {isa = PBXBuildFile; fileRef = 818638ED1DF1DF2000CDF8E2 /* ColorHelper.swift */; };
		818638F01DF215AE00CDF8E2 /* CustomSearchBar.swift in Sources */ = {isa = PBXBuildFile; fileRef = 818638EF1DF215AE00CDF8E2 /* CustomSearchBar.swift */; };
		818638F41DF2167F00CDF8E2 /* FontHelper.swift in Sources */ = {isa = PBXBuildFile; fileRef = 818638F31DF2167F00CDF8E2 /* FontHelper.swift */; };
		818638F91DF218D000CDF8E2 /* YanoneKaffeesatz-Bold.ttf in Resources */ = {isa = PBXBuildFile; fileRef = 818638F51DF218D000CDF8E2 /* YanoneKaffeesatz-Bold.ttf */; };
		818638FA1DF218D000CDF8E2 /* YanoneKaffeesatz-Light.ttf in Resources */ = {isa = PBXBuildFile; fileRef = 818638F61DF218D000CDF8E2 /* YanoneKaffeesatz-Light.ttf */; };
		818638FB1DF218D000CDF8E2 /* YanoneKaffeesatz-Regular.ttf in Resources */ = {isa = PBXBuildFile; fileRef = 818638F71DF218D000CDF8E2 /* YanoneKaffeesatz-Regular.ttf */; };
		818638FC1DF218D000CDF8E2 /* YanoneKaffeesatz-Thin.ttf in Resources */ = {isa = PBXBuildFile; fileRef = 818638F81DF218D000CDF8E2 /* YanoneKaffeesatz-Thin.ttf */; };
		818639071DF218EB00CDF8E2 /* Gravity-Bold.otf in Resources */ = {isa = PBXBuildFile; fileRef = 818638FD1DF218EB00CDF8E2 /* Gravity-Bold.otf */; };
		818639081DF218EB00CDF8E2 /* Gravity-BoldItalic.otf in Resources */ = {isa = PBXBuildFile; fileRef = 818638FE1DF218EB00CDF8E2 /* Gravity-BoldItalic.otf */; };
		818639091DF218EB00CDF8E2 /* Gravity-Book.otf in Resources */ = {isa = PBXBuildFile; fileRef = 818638FF1DF218EB00CDF8E2 /* Gravity-Book.otf */; };
		8186390A1DF218EB00CDF8E2 /* Gravity-BookItalic.otf in Resources */ = {isa = PBXBuildFile; fileRef = 818639001DF218EB00CDF8E2 /* Gravity-BookItalic.otf */; };
		8186390B1DF218EB00CDF8E2 /* Gravity-Italic.otf in Resources */ = {isa = PBXBuildFile; fileRef = 818639011DF218EB00CDF8E2 /* Gravity-Italic.otf */; };
		8186390C1DF218EB00CDF8E2 /* Gravity-Light.otf in Resources */ = {isa = PBXBuildFile; fileRef = 818639021DF218EB00CDF8E2 /* Gravity-Light.otf */; };
		8186390D1DF218EB00CDF8E2 /* Gravity-LightItalic.otf in Resources */ = {isa = PBXBuildFile; fileRef = 818639031DF218EB00CDF8E2 /* Gravity-LightItalic.otf */; };
		8186390E1DF218EB00CDF8E2 /* Gravity-Regular.otf in Resources */ = {isa = PBXBuildFile; fileRef = 818639041DF218EB00CDF8E2 /* Gravity-Regular.otf */; };
		8186390F1DF218EB00CDF8E2 /* Gravity-UltraLight.otf in Resources */ = {isa = PBXBuildFile; fileRef = 818639051DF218EB00CDF8E2 /* Gravity-UltraLight.otf */; };
		818639101DF218EB00CDF8E2 /* Gravity-UltraLightItalic.otf in Resources */ = {isa = PBXBuildFile; fileRef = 818639061DF218EB00CDF8E2 /* Gravity-UltraLightItalic.otf */; };
		818639121DF2232600CDF8E2 /* CustomSearchController.swift in Sources */ = {isa = PBXBuildFile; fileRef = 818639111DF2232600CDF8E2 /* CustomSearchController.swift */; };
		81BCD8C21DF8A40100F3346E /* StatefulViewController.swift in Sources */ = {isa = PBXBuildFile; fileRef = 81BCD8C11DF8A40100F3346E /* StatefulViewController.swift */; };
		81BF0AC21DD21A1000166888 /* Storyboard.swift in Sources */ = {isa = PBXBuildFile; fileRef = 81BF0AC11DD21A1000166888 /* Storyboard.swift */; };
		81CAFB141DECBB1000D0A67A /* NRConvenience.swift in Sources */ = {isa = PBXBuildFile; fileRef = 81CAFB131DECBB1000D0A67A /* NRConvenience.swift */; };
		81DBA5831DD0CF6A002F8ED2 /* FavoriteTableViewController.swift in Sources */ = {isa = PBXBuildFile; fileRef = 81DBA5821DD0CF6A002F8ED2 /* FavoriteTableViewController.swift */; };
		81DBA5851DD0CF8D002F8ED2 /* MovieViewController.swift in Sources */ = {isa = PBXBuildFile; fileRef = 81DBA5841DD0CF8D002F8ED2 /* MovieViewController.swift */; };
		81DBA5871DD0DB60002F8ED2 /* FavoriteMovieTableViewCell.swift in Sources */ = {isa = PBXBuildFile; fileRef = 81DBA5861DD0DB60002F8ED2 /* FavoriteMovieTableViewCell.swift */; };
		81DBA5891DD0E442002F8ED2 /* PosterViewController.swift in Sources */ = {isa = PBXBuildFile; fileRef = 81DBA5881DD0E442002F8ED2 /* PosterViewController.swift */; };
		81DBA58D1DD0E6B4002F8ED2 /* Extension.swift in Sources */ = {isa = PBXBuildFile; fileRef = 81DBA58C1DD0E6B4002F8ED2 /* Extension.swift */; };
		81DBA58F1DD11576002F8ED2 /* HeartControl.swift in Sources */ = {isa = PBXBuildFile; fileRef = 81DBA58E1DD11576002F8ED2 /* HeartControl.swift */; };
		A038E44A9957AC1B5790AB0F /* Pods_InFlix.framework in Frameworks */ = {isa = PBXBuildFile; fileRef = DEA1352CFC21BB68A3FE4D71 /* Pods_InFlix.framework */; };
/* End PBXBuildFile section */

/* Begin PBXFileReference section */
		0B0D98AC65B89202F9451B1E /* Pods-InFlix.release.xcconfig */ = {isa = PBXFileReference; includeInIndex = 1; lastKnownFileType = text.xcconfig; name = "Pods-InFlix.release.xcconfig"; path = "Pods/Target Support Files/Pods-InFlix/Pods-InFlix.release.xcconfig"; sourceTree = "<group>"; };
		3F156D1D31F4741E5C6CC767 /* Pods-InFlix.debug.xcconfig */ = {isa = PBXFileReference; includeInIndex = 1; lastKnownFileType = text.xcconfig; name = "Pods-InFlix.debug.xcconfig"; path = "Pods/Target Support Files/Pods-InFlix/Pods-InFlix.debug.xcconfig"; sourceTree = "<group>"; };
		8116F68F1E020016001F7041 /* EmptyView.swift */ = {isa = PBXFileReference; fileEncoding = 4; lastKnownFileType = sourcecode.swift; path = EmptyView.swift; sourceTree = "<group>"; };
		8116F6911E02016A001F7041 /* ErrorView.swift */ = {isa = PBXFileReference; fileEncoding = 4; lastKnownFileType = sourcecode.swift; path = ErrorView.swift; sourceTree = "<group>"; };
		811AA7DF1DCCD32600078374 /* InFlix.app */ = {isa = PBXFileReference; explicitFileType = wrapper.application; includeInIndex = 0; path = InFlix.app; sourceTree = BUILT_PRODUCTS_DIR; };
		811AA7E21DCCD32600078374 /* AppDelegate.swift */ = {isa = PBXFileReference; lastKnownFileType = sourcecode.swift; path = AppDelegate.swift; sourceTree = "<group>"; };
		811AA7E71DCCD32600078374 /* Base */ = {isa = PBXFileReference; lastKnownFileType = file.storyboard; name = Base; path = Base.lproj/Main.storyboard; sourceTree = "<group>"; };
		811AA7E91DCCD32600078374 /* Assets.xcassets */ = {isa = PBXFileReference; lastKnownFileType = folder.assetcatalog; path = Assets.xcassets; sourceTree = "<group>"; };
		811AA7EC1DCCD32600078374 /* Base */ = {isa = PBXFileReference; lastKnownFileType = file.storyboard; name = Base; path = Base.lproj/LaunchScreen.storyboard; sourceTree = "<group>"; };
		811AA7EE1DCCD32600078374 /* Info.plist */ = {isa = PBXFileReference; lastKnownFileType = text.plist.xml; path = Info.plist; sourceTree = "<group>"; };
		811AA7FA1DCCD89D00078374 /* MovieTableViewController.swift */ = {isa = PBXFileReference; fileEncoding = 4; lastKnownFileType = sourcecode.swift; path = MovieTableViewController.swift; sourceTree = "<group>"; };
		811AA7FC1DCCD8BF00078374 /* MovieTableViewCell.swift */ = {isa = PBXFileReference; fileEncoding = 4; lastKnownFileType = sourcecode.swift; path = MovieTableViewCell.swift; sourceTree = "<group>"; };
		811AA8001DCCD8FF00078374 /* Movie.swift */ = {isa = PBXFileReference; fileEncoding = 4; lastKnownFileType = sourcecode.swift; path = Movie.swift; sourceTree = "<group>"; };
		81392A2B1DE4AE5700481D88 /* FavoriteMovieManager.swift */ = {isa = PBXFileReference; fileEncoding = 4; lastKnownFileType = sourcecode.swift; path = FavoriteMovieManager.swift; sourceTree = "<group>"; };
		8152F8BB1DFF389D00E9080E /* StatefulViewControllerImplementation.swift */ = {isa = PBXFileReference; fileEncoding = 4; lastKnownFileType = sourcecode.swift; path = StatefulViewControllerImplementation.swift; sourceTree = "<group>"; };
		8152F8BD1DFF47ED00E9080E /* LoadingView.swift */ = {isa = PBXFileReference; fileEncoding = 4; lastKnownFileType = sourcecode.swift; path = LoadingView.swift; sourceTree = "<group>"; };
		8158171B1DD20FA400F095E0 /* NotificationCenterKey.swift */ = {isa = PBXFileReference; fileEncoding = 4; lastKnownFileType = sourcecode.swift; path = NotificationCenterKey.swift; sourceTree = "<group>"; };
		8174D10D1DEC7AE6007D3A04 /* NRClient.swift */ = {isa = PBXFileReference; fileEncoding = 4; lastKnownFileType = sourcecode.swift; path = NRClient.swift; sourceTree = "<group>"; };
		8174D10F1DEC7CD4007D3A04 /* NRConfig.swift */ = {isa = PBXFileReference; fileEncoding = 4; lastKnownFileType = sourcecode.swift; path = NRConfig.swift; sourceTree = "<group>"; };
		818638EB1DF1DAD300CDF8E2 /* forgotts.ttf */ = {isa = PBXFileReference; lastKnownFileType = file; path = forgotts.ttf; sourceTree = "<group>"; };
		818638ED1DF1DF2000CDF8E2 /* ColorHelper.swift */ = {isa = PBXFileReference; fileEncoding = 4; lastKnownFileType = sourcecode.swift; path = ColorHelper.swift; sourceTree = "<group>"; };
		818638EF1DF215AE00CDF8E2 /* CustomSearchBar.swift */ = {isa = PBXFileReference; fileEncoding = 4; lastKnownFileType = sourcecode.swift; path = CustomSearchBar.swift; sourceTree = "<group>"; };
		818638F31DF2167F00CDF8E2 /* FontHelper.swift */ = {isa = PBXFileReference; fileEncoding = 4; lastKnownFileType = sourcecode.swift; path = FontHelper.swift; sourceTree = "<group>"; };
		818638F51DF218D000CDF8E2 /* YanoneKaffeesatz-Bold.ttf */ = {isa = PBXFileReference; lastKnownFileType = file; path = "YanoneKaffeesatz-Bold.ttf"; sourceTree = "<group>"; };
		818638F61DF218D000CDF8E2 /* YanoneKaffeesatz-Light.ttf */ = {isa = PBXFileReference; lastKnownFileType = file; path = "YanoneKaffeesatz-Light.ttf"; sourceTree = "<group>"; };
		818638F71DF218D000CDF8E2 /* YanoneKaffeesatz-Regular.ttf */ = {isa = PBXFileReference; lastKnownFileType = file; path = "YanoneKaffeesatz-Regular.ttf"; sourceTree = "<group>"; };
		818638F81DF218D000CDF8E2 /* YanoneKaffeesatz-Thin.ttf */ = {isa = PBXFileReference; lastKnownFileType = file; path = "YanoneKaffeesatz-Thin.ttf"; sourceTree = "<group>"; };
		818638FD1DF218EB00CDF8E2 /* Gravity-Bold.otf */ = {isa = PBXFileReference; lastKnownFileType = file; path = "Gravity-Bold.otf"; sourceTree = "<group>"; };
		818638FE1DF218EB00CDF8E2 /* Gravity-BoldItalic.otf */ = {isa = PBXFileReference; lastKnownFileType = file; path = "Gravity-BoldItalic.otf"; sourceTree = "<group>"; };
		818638FF1DF218EB00CDF8E2 /* Gravity-Book.otf */ = {isa = PBXFileReference; lastKnownFileType = file; path = "Gravity-Book.otf"; sourceTree = "<group>"; };
		818639001DF218EB00CDF8E2 /* Gravity-BookItalic.otf */ = {isa = PBXFileReference; lastKnownFileType = file; path = "Gravity-BookItalic.otf"; sourceTree = "<group>"; };
		818639011DF218EB00CDF8E2 /* Gravity-Italic.otf */ = {isa = PBXFileReference; lastKnownFileType = file; path = "Gravity-Italic.otf"; sourceTree = "<group>"; };
		818639021DF218EB00CDF8E2 /* Gravity-Light.otf */ = {isa = PBXFileReference; lastKnownFileType = file; path = "Gravity-Light.otf"; sourceTree = "<group>"; };
		818639031DF218EB00CDF8E2 /* Gravity-LightItalic.otf */ = {isa = PBXFileReference; lastKnownFileType = file; path = "Gravity-LightItalic.otf"; sourceTree = "<group>"; };
		818639041DF218EB00CDF8E2 /* Gravity-Regular.otf */ = {isa = PBXFileReference; lastKnownFileType = file; path = "Gravity-Regular.otf"; sourceTree = "<group>"; };
		818639051DF218EB00CDF8E2 /* Gravity-UltraLight.otf */ = {isa = PBXFileReference; lastKnownFileType = file; path = "Gravity-UltraLight.otf"; sourceTree = "<group>"; };
		818639061DF218EB00CDF8E2 /* Gravity-UltraLightItalic.otf */ = {isa = PBXFileReference; lastKnownFileType = file; path = "Gravity-UltraLightItalic.otf"; sourceTree = "<group>"; };
		818639111DF2232600CDF8E2 /* CustomSearchController.swift */ = {isa = PBXFileReference; fileEncoding = 4; lastKnownFileType = sourcecode.swift; path = CustomSearchController.swift; sourceTree = "<group>"; };
		81BCD8C11DF8A40100F3346E /* StatefulViewController.swift */ = {isa = PBXFileReference; fileEncoding = 4; lastKnownFileType = sourcecode.swift; path = StatefulViewController.swift; sourceTree = "<group>"; };
		81BF0AC11DD21A1000166888 /* Storyboard.swift */ = {isa = PBXFileReference; fileEncoding = 4; lastKnownFileType = sourcecode.swift; path = Storyboard.swift; sourceTree = "<group>"; };
		81CAFB131DECBB1000D0A67A /* NRConvenience.swift */ = {isa = PBXFileReference; fileEncoding = 4; lastKnownFileType = sourcecode.swift; path = NRConvenience.swift; sourceTree = "<group>"; };
		81DBA5821DD0CF6A002F8ED2 /* FavoriteTableViewController.swift */ = {isa = PBXFileReference; fileEncoding = 4; lastKnownFileType = sourcecode.swift; path = FavoriteTableViewController.swift; sourceTree = "<group>"; };
		81DBA5841DD0CF8D002F8ED2 /* MovieViewController.swift */ = {isa = PBXFileReference; fileEncoding = 4; lastKnownFileType = sourcecode.swift; path = MovieViewController.swift; sourceTree = "<group>"; };
		81DBA5861DD0DB60002F8ED2 /* FavoriteMovieTableViewCell.swift */ = {isa = PBXFileReference; fileEncoding = 4; lastKnownFileType = sourcecode.swift; path = FavoriteMovieTableViewCell.swift; sourceTree = "<group>"; };
		81DBA5881DD0E442002F8ED2 /* PosterViewController.swift */ = {isa = PBXFileReference; fileEncoding = 4; lastKnownFileType = sourcecode.swift; path = PosterViewController.swift; sourceTree = "<group>"; };
		81DBA58C1DD0E6B4002F8ED2 /* Extension.swift */ = {isa = PBXFileReference; fileEncoding = 4; lastKnownFileType = sourcecode.swift; path = Extension.swift; sourceTree = "<group>"; };
		81DBA58E1DD11576002F8ED2 /* HeartControl.swift */ = {isa = PBXFileReference; fileEncoding = 4; lastKnownFileType = sourcecode.swift; path = HeartControl.swift; sourceTree = "<group>"; };
		DEA1352CFC21BB68A3FE4D71 /* Pods_InFlix.framework */ = {isa = PBXFileReference; explicitFileType = wrapper.framework; includeInIndex = 0; path = Pods_InFlix.framework; sourceTree = BUILT_PRODUCTS_DIR; };
/* End PBXFileReference section */

/* Begin PBXFrameworksBuildPhase section */
		811AA7DC1DCCD32600078374 /* Frameworks */ = {
			isa = PBXFrameworksBuildPhase;
			buildActionMask = 2147483647;
			files = (
				A038E44A9957AC1B5790AB0F /* Pods_InFlix.framework in Frameworks */,
			);
			runOnlyForDeploymentPostprocessing = 0;
		};
/* End PBXFrameworksBuildPhase section */

/* Begin PBXGroup section */
		811AA7D61DCCD32500078374 = {
			isa = PBXGroup;
			children = (
				811AA7E11DCCD32600078374 /* InFlix */,
				811AA7E01DCCD32600078374 /* Products */,
				AA8BC8A6C54AE273FFEF1083 /* Pods */,
				AAD5F445EC8B46936B6AB53F /* Frameworks */,
			);
			sourceTree = "<group>";
		};
		811AA7E01DCCD32600078374 /* Products */ = {
			isa = PBXGroup;
			children = (
				811AA7DF1DCCD32600078374 /* InFlix.app */,
			);
			name = Products;
			sourceTree = "<group>";
		};
		811AA7E11DCCD32600078374 /* InFlix */ = {
			isa = PBXGroup;
			children = (
				818638F21DF215EF00CDF8E2 /* Style */,
				818638EA1DF1D65200CDF8E2 /* Assets */,
				811AA7F61DCCD38900078374 /* Model */,
				811AA7F71DCCD38D00078374 /* Controller */,
				811AA7F51DCCD38400078374 /* View */,
				8152F8BA1DFF385E00E9080E /* StatefulViewController */,
				811AA7F41DCCD34700078374 /* Other */,
			);
			path = InFlix;
			sourceTree = "<group>";
		};
		811AA7F41DCCD34700078374 /* Other */ = {
			isa = PBXGroup;
			children = (
				811AA7E21DCCD32600078374 /* AppDelegate.swift */,
				81DBA58C1DD0E6B4002F8ED2 /* Extension.swift */,
				811AA7EE1DCCD32600078374 /* Info.plist */,
			);
			name = Other;
			sourceTree = "<group>";
		};
		811AA7F51DCCD38400078374 /* View */ = {
			isa = PBXGroup;
			children = (
				811AA7FC1DCCD8BF00078374 /* MovieTableViewCell.swift */,
				81DBA5861DD0DB60002F8ED2 /* FavoriteMovieTableViewCell.swift */,
				81DBA58E1DD11576002F8ED2 /* HeartControl.swift */,
				818638EF1DF215AE00CDF8E2 /* CustomSearchBar.swift */,
				8152F8BD1DFF47ED00E9080E /* LoadingView.swift */,
				8116F68F1E020016001F7041 /* EmptyView.swift */,
				8116F6911E02016A001F7041 /* ErrorView.swift */,
			);
			name = View;
			sourceTree = "<group>";
		};
		811AA7F61DCCD38900078374 /* Model */ = {
			isa = PBXGroup;
			children = (
				811AA8001DCCD8FF00078374 /* Movie.swift */,
				81BF0AC11DD21A1000166888 /* Storyboard.swift */,
				8158171B1DD20FA400F095E0 /* NotificationCenterKey.swift */,
				8174D10D1DEC7AE6007D3A04 /* NRClient.swift */,
				8174D10F1DEC7CD4007D3A04 /* NRConfig.swift */,
				81CAFB131DECBB1000D0A67A /* NRConvenience.swift */,
				81392A2B1DE4AE5700481D88 /* FavoriteMovieManager.swift */,
			);
			name = Model;
			sourceTree = "<group>";
		};
		811AA7F71DCCD38D00078374 /* Controller */ = {
			isa = PBXGroup;
			children = (
				811AA7FA1DCCD89D00078374 /* MovieTableViewController.swift */,
				81DBA5821DD0CF6A002F8ED2 /* FavoriteTableViewController.swift */,
				81DBA5841DD0CF8D002F8ED2 /* MovieViewController.swift */,
				81DBA5881DD0E442002F8ED2 /* PosterViewController.swift */,
				818639111DF2232600CDF8E2 /* CustomSearchController.swift */,
			);
			name = Controller;
			sourceTree = "<group>";
		};
		8152F8BA1DFF385E00E9080E /* StatefulViewController */ = {
			isa = PBXGroup;
			children = (
				81BCD8C11DF8A40100F3346E /* StatefulViewController.swift */,
				8152F8BB1DFF389D00E9080E /* StatefulViewControllerImplementation.swift */,
			);
			name = StatefulViewController;
			sourceTree = "<group>";
		};
		818638EA1DF1D65200CDF8E2 /* Assets */ = {
			isa = PBXGroup;
			children = (
				818638F11DF215D800CDF8E2 /* Fonts */,
				811AA7EB1DCCD32600078374 /* LaunchScreen.storyboard */,
				811AA7E61DCCD32600078374 /* Main.storyboard */,
				811AA7E91DCCD32600078374 /* Assets.xcassets */,
			);
			name = Assets;
			sourceTree = "<group>";
		};
		818638F11DF215D800CDF8E2 /* Fonts */ = {
			isa = PBXGroup;
			children = (
				818638FD1DF218EB00CDF8E2 /* Gravity-Bold.otf */,
				818638FE1DF218EB00CDF8E2 /* Gravity-BoldItalic.otf */,
				818638FF1DF218EB00CDF8E2 /* Gravity-Book.otf */,
				818639001DF218EB00CDF8E2 /* Gravity-BookItalic.otf */,
				818639011DF218EB00CDF8E2 /* Gravity-Italic.otf */,
				818639021DF218EB00CDF8E2 /* Gravity-Light.otf */,
				818639031DF218EB00CDF8E2 /* Gravity-LightItalic.otf */,
				818639041DF218EB00CDF8E2 /* Gravity-Regular.otf */,
				818639051DF218EB00CDF8E2 /* Gravity-UltraLight.otf */,
				818639061DF218EB00CDF8E2 /* Gravity-UltraLightItalic.otf */,
				818638F51DF218D000CDF8E2 /* YanoneKaffeesatz-Bold.ttf */,
				818638F61DF218D000CDF8E2 /* YanoneKaffeesatz-Light.ttf */,
				818638F71DF218D000CDF8E2 /* YanoneKaffeesatz-Regular.ttf */,
				818638F81DF218D000CDF8E2 /* YanoneKaffeesatz-Thin.ttf */,
				818638EB1DF1DAD300CDF8E2 /* forgotts.ttf */,
			);
			name = Fonts;
			sourceTree = "<group>";
		};
		818638F21DF215EF00CDF8E2 /* Style */ = {
			isa = PBXGroup;
			children = (
				818638ED1DF1DF2000CDF8E2 /* ColorHelper.swift */,
				818638F31DF2167F00CDF8E2 /* FontHelper.swift */,
			);
			name = Style;
			sourceTree = "<group>";
		};
		AA8BC8A6C54AE273FFEF1083 /* Pods */ = {
			isa = PBXGroup;
			children = (
				3F156D1D31F4741E5C6CC767 /* Pods-InFlix.debug.xcconfig */,
				0B0D98AC65B89202F9451B1E /* Pods-InFlix.release.xcconfig */,
			);
			name = Pods;
			sourceTree = "<group>";
		};
		AAD5F445EC8B46936B6AB53F /* Frameworks */ = {
			isa = PBXGroup;
			children = (
				DEA1352CFC21BB68A3FE4D71 /* Pods_InFlix.framework */,
			);
			name = Frameworks;
			sourceTree = "<group>";
		};
/* End PBXGroup section */

/* Begin PBXNativeTarget section */
		811AA7DE1DCCD32600078374 /* InFlix */ = {
			isa = PBXNativeTarget;
			buildConfigurationList = 811AA7F11DCCD32600078374 /* Build configuration list for PBXNativeTarget "InFlix" */;
			buildPhases = (
				30E3F8B60AAA22C96E06DCD3 /* [CP] Check Pods Manifest.lock */,
				811AA7DB1DCCD32600078374 /* Sources */,
				811AA7DC1DCCD32600078374 /* Frameworks */,
				811AA7DD1DCCD32600078374 /* Resources */,
				B8BB3E6863A002E41565BCF1 /* [CP] Embed Pods Frameworks */,
				1F6E469FD6DA89527DADC35F /* [CP] Copy Pods Resources */,
			);
			buildRules = (
			);
			dependencies = (
			);
			name = InFlix;
			productName = InFlix;
			productReference = 811AA7DF1DCCD32600078374 /* InFlix.app */;
			productType = "com.apple.product-type.application";
		};
/* End PBXNativeTarget section */

/* Begin PBXProject section */
		811AA7D71DCCD32500078374 /* Project object */ = {
			isa = PBXProject;
			attributes = {
				LastSwiftUpdateCheck = 0810;
				LastUpgradeCheck = 0810;
				ORGANIZATIONNAME = Tektonlabs;
				TargetAttributes = {
					811AA7DE1DCCD32600078374 = {
						CreatedOnToolsVersion = 8.1;
						DevelopmentTeam = KL955RL3SL;
						LastSwiftMigration = 0810;
						ProvisioningStyle = Automatic;
					};
				};
			};
			buildConfigurationList = 811AA7DA1DCCD32500078374 /* Build configuration list for PBXProject "InFlix" */;
			compatibilityVersion = "Xcode 3.2";
			developmentRegion = English;
			hasScannedForEncodings = 0;
			knownRegions = (
				en,
				Base,
			);
			mainGroup = 811AA7D61DCCD32500078374;
			productRefGroup = 811AA7E01DCCD32600078374 /* Products */;
			projectDirPath = "";
			projectRoot = "";
			targets = (
				811AA7DE1DCCD32600078374 /* InFlix */,
			);
		};
/* End PBXProject section */

/* Begin PBXResourcesBuildPhase section */
		811AA7DD1DCCD32600078374 /* Resources */ = {
			isa = PBXResourcesBuildPhase;
			buildActionMask = 2147483647;
			files = (
				818639101DF218EB00CDF8E2 /* Gravity-UltraLightItalic.otf in Resources */,
				818639071DF218EB00CDF8E2 /* Gravity-Bold.otf in Resources */,
				8186390A1DF218EB00CDF8E2 /* Gravity-BookItalic.otf in Resources */,
				8186390F1DF218EB00CDF8E2 /* Gravity-UltraLight.otf in Resources */,
				818638EC1DF1DAD300CDF8E2 /* forgotts.ttf in Resources */,
				818638FB1DF218D000CDF8E2 /* YanoneKaffeesatz-Regular.ttf in Resources */,
				818639081DF218EB00CDF8E2 /* Gravity-BoldItalic.otf in Resources */,
				8186390C1DF218EB00CDF8E2 /* Gravity-Light.otf in Resources */,
				818638FA1DF218D000CDF8E2 /* YanoneKaffeesatz-Light.ttf in Resources */,
				818638FC1DF218D000CDF8E2 /* YanoneKaffeesatz-Thin.ttf in Resources */,
				8186390B1DF218EB00CDF8E2 /* Gravity-Italic.otf in Resources */,
				818639091DF218EB00CDF8E2 /* Gravity-Book.otf in Resources */,
				818638F91DF218D000CDF8E2 /* YanoneKaffeesatz-Bold.ttf in Resources */,
				811AA7ED1DCCD32600078374 /* LaunchScreen.storyboard in Resources */,
				8186390D1DF218EB00CDF8E2 /* Gravity-LightItalic.otf in Resources */,
				811AA7EA1DCCD32600078374 /* Assets.xcassets in Resources */,
				811AA7E81DCCD32600078374 /* Main.storyboard in Resources */,
				8186390E1DF218EB00CDF8E2 /* Gravity-Regular.otf in Resources */,
			);
			runOnlyForDeploymentPostprocessing = 0;
		};
/* End PBXResourcesBuildPhase section */

/* Begin PBXShellScriptBuildPhase section */
		1F6E469FD6DA89527DADC35F /* [CP] Copy Pods Resources */ = {
			isa = PBXShellScriptBuildPhase;
			buildActionMask = 2147483647;
			files = (
			);
			inputPaths = (
			);
			name = "[CP] Copy Pods Resources";
			outputPaths = (
			);
			runOnlyForDeploymentPostprocessing = 0;
			shellPath = /bin/sh;
			shellScript = "\"${SRCROOT}/Pods/Target Support Files/Pods-InFlix/Pods-InFlix-resources.sh\"\n";
			showEnvVarsInLog = 0;
		};
		30E3F8B60AAA22C96E06DCD3 /* [CP] Check Pods Manifest.lock */ = {
			isa = PBXShellScriptBuildPhase;
			buildActionMask = 2147483647;
			files = (
			);
			inputPaths = (
			);
			name = "[CP] Check Pods Manifest.lock";
			outputPaths = (
			);
			runOnlyForDeploymentPostprocessing = 0;
			shellPath = /bin/sh;
			shellScript = "diff \"${PODS_ROOT}/../Podfile.lock\" \"${PODS_ROOT}/Manifest.lock\" > /dev/null\nif [ $? != 0 ] ; then\n    # print error to STDERR\n    echo \"error: The sandbox is not in sync with the Podfile.lock. Run 'pod install' or update your CocoaPods installation.\" >&2\n    exit 1\nfi\n";
			showEnvVarsInLog = 0;
		};
		B8BB3E6863A002E41565BCF1 /* [CP] Embed Pods Frameworks */ = {
			isa = PBXShellScriptBuildPhase;
			buildActionMask = 2147483647;
			files = (
			);
			inputPaths = (
			);
			name = "[CP] Embed Pods Frameworks";
			outputPaths = (
			);
			runOnlyForDeploymentPostprocessing = 0;
			shellPath = /bin/sh;
			shellScript = "\"${SRCROOT}/Pods/Target Support Files/Pods-InFlix/Pods-InFlix-frameworks.sh\"\n";
			showEnvVarsInLog = 0;
		};
/* End PBXShellScriptBuildPhase section */

/* Begin PBXSourcesBuildPhase section */
		811AA7DB1DCCD32600078374 /* Sources */ = {
			isa = PBXSourcesBuildPhase;
			buildActionMask = 2147483647;
			files = (
				8116F6921E02016A001F7041 /* ErrorView.swift in Sources */,
				818639121DF2232600CDF8E2 /* CustomSearchController.swift in Sources */,
				818638EE1DF1DF2000CDF8E2 /* ColorHelper.swift in Sources */,
				81DBA58D1DD0E6B4002F8ED2 /* Extension.swift in Sources */,
				81DBA5831DD0CF6A002F8ED2 /* FavoriteTableViewController.swift in Sources */,
				8116F6901E020016001F7041 /* EmptyView.swift in Sources */,
				8158171C1DD20FA400F095E0 /* NotificationCenterKey.swift in Sources */,
				81BF0AC21DD21A1000166888 /* Storyboard.swift in Sources */,
				81392A2C1DE4AE5700481D88 /* FavoriteMovieManager.swift in Sources */,
				8174D1101DEC7CD4007D3A04 /* NRConfig.swift in Sources */,
				81DBA5891DD0E442002F8ED2 /* PosterViewController.swift in Sources */,
				818638F41DF2167F00CDF8E2 /* FontHelper.swift in Sources */,
				8152F8BC1DFF389D00E9080E /* StatefulViewControllerImplementation.swift in Sources */,
				811AA7FB1DCCD89D00078374 /* MovieTableViewController.swift in Sources */,
				81DBA58F1DD11576002F8ED2 /* HeartControl.swift in Sources */,
				8174D10E1DEC7AE6007D3A04 /* NRClient.swift in Sources */,
				81DBA5871DD0DB60002F8ED2 /* FavoriteMovieTableViewCell.swift in Sources */,
				81CAFB141DECBB1000D0A67A /* NRConvenience.swift in Sources */,
				811AA7E31DCCD32600078374 /* AppDelegate.swift in Sources */,
				818638F01DF215AE00CDF8E2 /* CustomSearchBar.swift in Sources */,
				81BCD8C21DF8A40100F3346E /* StatefulViewController.swift in Sources */,
				811AA8011DCCD8FF00078374 /* Movie.swift in Sources */,
				811AA7FD1DCCD8BF00078374 /* MovieTableViewCell.swift in Sources */,
				81DBA5851DD0CF8D002F8ED2 /* MovieViewController.swift in Sources */,
				8152F8BE1DFF47ED00E9080E /* LoadingView.swift in Sources */,
			);
			runOnlyForDeploymentPostprocessing = 0;
		};
/* End PBXSourcesBuildPhase section */

/* Begin PBXVariantGroup section */
		811AA7E61DCCD32600078374 /* Main.storyboard */ = {
			isa = PBXVariantGroup;
			children = (
				811AA7E71DCCD32600078374 /* Base */,
			);
			name = Main.storyboard;
			sourceTree = "<group>";
		};
		811AA7EB1DCCD32600078374 /* LaunchScreen.storyboard */ = {
			isa = PBXVariantGroup;
			children = (
				811AA7EC1DCCD32600078374 /* Base */,
			);
			name = LaunchScreen.storyboard;
			sourceTree = "<group>";
		};
/* End PBXVariantGroup section */

/* Begin XCBuildConfiguration section */
		811AA7EF1DCCD32600078374 /* Debug */ = {
			isa = XCBuildConfiguration;
			buildSettings = {
				ALWAYS_SEARCH_USER_PATHS = NO;
				CLANG_ANALYZER_NONNULL = YES;
				CLANG_CXX_LANGUAGE_STANDARD = "gnu++0x";
				CLANG_CXX_LIBRARY = "libc++";
				CLANG_ENABLE_MODULES = YES;
				CLANG_ENABLE_OBJC_ARC = YES;
				CLANG_WARN_BOOL_CONVERSION = YES;
				CLANG_WARN_CONSTANT_CONVERSION = YES;
				CLANG_WARN_DIRECT_OBJC_ISA_USAGE = YES_ERROR;
				CLANG_WARN_DOCUMENTATION_COMMENTS = YES;
				CLANG_WARN_EMPTY_BODY = YES;
				CLANG_WARN_ENUM_CONVERSION = YES;
				CLANG_WARN_INFINITE_RECURSION = YES;
				CLANG_WARN_INT_CONVERSION = YES;
				CLANG_WARN_OBJC_ROOT_CLASS = YES_ERROR;
				CLANG_WARN_SUSPICIOUS_MOVE = YES;
				CLANG_WARN_SUSPICIOUS_MOVES = YES;
				CLANG_WARN_UNREACHABLE_CODE = YES;
				CLANG_WARN__DUPLICATE_METHOD_MATCH = YES;
				"CODE_SIGN_IDENTITY[sdk=iphoneos*]" = "iPhone Developer";
				COPY_PHASE_STRIP = NO;
				DEBUG_INFORMATION_FORMAT = dwarf;
				ENABLE_STRICT_OBJC_MSGSEND = YES;
				ENABLE_TESTABILITY = YES;
				GCC_C_LANGUAGE_STANDARD = gnu99;
				GCC_DYNAMIC_NO_PIC = NO;
				GCC_NO_COMMON_BLOCKS = YES;
				GCC_OPTIMIZATION_LEVEL = 0;
				GCC_PREPROCESSOR_DEFINITIONS = (
					"DEBUG=1",
					"$(inherited)",
				);
				GCC_WARN_64_TO_32_BIT_CONVERSION = YES;
				GCC_WARN_ABOUT_RETURN_TYPE = YES_ERROR;
				GCC_WARN_UNDECLARED_SELECTOR = YES;
				GCC_WARN_UNINITIALIZED_AUTOS = YES_AGGRESSIVE;
				GCC_WARN_UNUSED_FUNCTION = YES;
				GCC_WARN_UNUSED_VARIABLE = YES;
				IPHONEOS_DEPLOYMENT_TARGET = 10.1;
				MTL_ENABLE_DEBUG_INFO = YES;
				ONLY_ACTIVE_ARCH = YES;
				SDKROOT = iphoneos;
				SWIFT_ACTIVE_COMPILATION_CONDITIONS = DEBUG;
				SWIFT_OPTIMIZATION_LEVEL = "-Onone";
			};
			name = Debug;
		};
		811AA7F01DCCD32600078374 /* Release */ = {
			isa = XCBuildConfiguration;
			buildSettings = {
				ALWAYS_SEARCH_USER_PATHS = NO;
				CLANG_ANALYZER_NONNULL = YES;
				CLANG_CXX_LANGUAGE_STANDARD = "gnu++0x";
				CLANG_CXX_LIBRARY = "libc++";
				CLANG_ENABLE_MODULES = YES;
				CLANG_ENABLE_OBJC_ARC = YES;
				CLANG_WARN_BOOL_CONVERSION = YES;
				CLANG_WARN_CONSTANT_CONVERSION = YES;
				CLANG_WARN_DIRECT_OBJC_ISA_USAGE = YES_ERROR;
				CLANG_WARN_DOCUMENTATION_COMMENTS = YES;
				CLANG_WARN_EMPTY_BODY = YES;
				CLANG_WARN_ENUM_CONVERSION = YES;
				CLANG_WARN_INFINITE_RECURSION = YES;
				CLANG_WARN_INT_CONVERSION = YES;
				CLANG_WARN_OBJC_ROOT_CLASS = YES_ERROR;
				CLANG_WARN_SUSPICIOUS_MOVE = YES;
				CLANG_WARN_SUSPICIOUS_MOVES = YES;
				CLANG_WARN_UNREACHABLE_CODE = YES;
				CLANG_WARN__DUPLICATE_METHOD_MATCH = YES;
				"CODE_SIGN_IDENTITY[sdk=iphoneos*]" = "iPhone Developer";
				COPY_PHASE_STRIP = NO;
				DEBUG_INFORMATION_FORMAT = "dwarf-with-dsym";
				ENABLE_NS_ASSERTIONS = NO;
				ENABLE_STRICT_OBJC_MSGSEND = YES;
				GCC_C_LANGUAGE_STANDARD = gnu99;
				GCC_NO_COMMON_BLOCKS = YES;
				GCC_WARN_64_TO_32_BIT_CONVERSION = YES;
				GCC_WARN_ABOUT_RETURN_TYPE = YES_ERROR;
				GCC_WARN_UNDECLARED_SELECTOR = YES;
				GCC_WARN_UNINITIALIZED_AUTOS = YES_AGGRESSIVE;
				GCC_WARN_UNUSED_FUNCTION = YES;
				GCC_WARN_UNUSED_VARIABLE = YES;
				IPHONEOS_DEPLOYMENT_TARGET = 10.1;
				MTL_ENABLE_DEBUG_INFO = NO;
				SDKROOT = iphoneos;
				SWIFT_OPTIMIZATION_LEVEL = "-Owholemodule";
				VALIDATE_PRODUCT = YES;
			};
			name = Release;
		};
		811AA7F21DCCD32600078374 /* Debug */ = {
			isa = XCBuildConfiguration;
			baseConfigurationReference = 3F156D1D31F4741E5C6CC767 /* Pods-InFlix.debug.xcconfig */;
			buildSettings = {
				ASSETCATALOG_COMPILER_APPICON_NAME = AppIcon;
				CLANG_ENABLE_MODULES = YES;
				DEVELOPMENT_TEAM = KL955RL3SL;
				INFOPLIST_FILE = InFlix/Info.plist;
				IPHONEOS_DEPLOYMENT_TARGET = 10.0;
				LD_RUNPATH_SEARCH_PATHS = "$(inherited) @executable_path/Frameworks";
				PRODUCT_BUNDLE_IDENTIFIER = com.tektonlabs.InFlix;
				PRODUCT_NAME = "$(TARGET_NAME)";
				SWIFT_INSTALL_OBJC_HEADER = NO;
				SWIFT_OBJC_BRIDGING_HEADER = "";
				SWIFT_OPTIMIZATION_LEVEL = "-Onone";
				SWIFT_VERSION = 3.0;
			};
			name = Debug;
		};
		811AA7F31DCCD32600078374 /* Release */ = {
			isa = XCBuildConfiguration;
			baseConfigurationReference = 0B0D98AC65B89202F9451B1E /* Pods-InFlix.release.xcconfig */;
			buildSettings = {
				ASSETCATALOG_COMPILER_APPICON_NAME = AppIcon;
				CLANG_ENABLE_MODULES = YES;
				DEVELOPMENT_TEAM = KL955RL3SL;
				INFOPLIST_FILE = InFlix/Info.plist;
				IPHONEOS_DEPLOYMENT_TARGET = 10.0;
				LD_RUNPATH_SEARCH_PATHS = "$(inherited) @executable_path/Frameworks";
				PRODUCT_BUNDLE_IDENTIFIER = com.tektonlabs.InFlix;
				PRODUCT_NAME = "$(TARGET_NAME)";
				SWIFT_INSTALL_OBJC_HEADER = NO;
				SWIFT_OBJC_BRIDGING_HEADER = "";
				SWIFT_VERSION = 3.0;
			};
			name = Release;
		};
/* End XCBuildConfiguration section */

/* Begin XCConfigurationList section */
		811AA7DA1DCCD32500078374 /* Build configuration list for PBXProject "InFlix" */ = {
			isa = XCConfigurationList;
			buildConfigurations = (
				811AA7EF1DCCD32600078374 /* Debug */,
				811AA7F01DCCD32600078374 /* Release */,
			);
			defaultConfigurationIsVisible = 0;
			defaultConfigurationName = Release;
		};
		811AA7F11DCCD32600078374 /* Build configuration list for PBXNativeTarget "InFlix" */ = {
			isa = XCConfigurationList;
			buildConfigurations = (
				811AA7F21DCCD32600078374 /* Debug */,
				811AA7F31DCCD32600078374 /* Release */,
			);
			defaultConfigurationIsVisible = 0;
			defaultConfigurationName = Release;
		};
/* End XCConfigurationList section */
	};
	rootObject = 811AA7D71DCCD32500078374 /* Project object */;
}
